{
    "version": 3,
    "terraform_version": "0.11.10",
    "serial": 23,
    "lineage": "b2616058-eb63-e5f4-e382-3d736010116d",
    "modules": [
        {
            "path": [
                "root"
            ],
            "outputs": {},
            "resources": {
                "aws_iam_policy.terraform_lambda": {
                    "type": "aws_iam_policy",
                    "depends_on": [
                        "data.aws_iam_policy_document.terraform_lambda",
                        "local.csi"
                    ],
                    "primary": {
                        "id": "arn:aws:iam::713471551833:policy/tech-test-prod-terraform-lambda-policy",
                        "attributes": {
                            "arn": "arn:aws:iam::713471551833:policy/tech-test-prod-terraform-lambda-policy",
                            "description": "",
                            "id": "arn:aws:iam::713471551833:policy/tech-test-prod-terraform-lambda-policy",
                            "name": "tech-test-prod-terraform-lambda-policy",
                            "path": "/",
                            "policy": "{\n  \"Version\": \"2012-10-17\",\n  \"Statement\": [\n    {\n      \"Sid\": \"\",\n      \"Effect\": \"Allow\",\n      \"Action\": \"s3:*\",\n      \"Resource\": [\n        \"arn:aws:s3:::tech-test-prod-713471551833-terraform-state/*\",\n        \"arn:aws:s3:::tech-test-prod-713471551833-terraform-state\",\n        \"arn:aws:s3:::tech-test-prod-713471551833-infrastructure/*\",\n        \"arn:aws:s3:::tech-test-prod-713471551833-infrastructure\"\n      ]\n    },\n    {\n      \"Sid\": \"\",\n      \"Effect\": \"Allow\",\n      \"Action\": [\n        \"logs:PutLogEvents\",\n        \"logs:CreateLogStream\",\n        \"logs:CreateLogGroup\"\n      ],\n      \"Resource\": \"arn:aws:logs:*:*:*\"\n    }\n  ]\n}"
                        },
                        "meta": {},
                        "tainted": false
                    },
                    "deposed": [],
                    "provider": "provider.aws"
                },
                "aws_iam_role.terraform_lambda": {
                    "type": "aws_iam_role",
                    "depends_on": [
                        "data.aws_iam_policy_document.terraform_lambda_assume_role",
                        "local.csi"
                    ],
                    "primary": {
                        "id": "tech-test-prod-terraform-lambda-role",
                        "attributes": {
                            "arn": "arn:aws:iam::713471551833:role/tech-test-prod-terraform-lambda-role",
                            "assume_role_policy": "{\"Version\":\"2012-10-17\",\"Statement\":[{\"Sid\":\"\",\"Effect\":\"Allow\",\"Principal\":{\"Service\":\"lambda.amazonaws.com\"},\"Action\":\"sts:AssumeRole\"}]}",
                            "create_date": "2018-11-21T11:58:10Z",
                            "description": "",
                            "force_detach_policies": "false",
                            "id": "tech-test-prod-terraform-lambda-role",
                            "max_session_duration": "3600",
                            "name": "tech-test-prod-terraform-lambda-role",
                            "path": "/",
                            "tags.%": "0",
                            "unique_id": "AROAJRTRYRELNQ3LNHC3U"
                        },
                        "meta": {},
                        "tainted": false
                    },
                    "deposed": [],
                    "provider": "provider.aws"
                },
                "aws_iam_role_policy_attachment.test-attach": {
                    "type": "aws_iam_role_policy_attachment",
                    "depends_on": [
                        "aws_iam_policy.terraform_lambda",
                        "aws_iam_role.terraform_lambda"
                    ],
                    "primary": {
                        "id": "tech-test-prod-terraform-lambda-role-20181121115815182300000001",
                        "attributes": {
                            "id": "tech-test-prod-terraform-lambda-role-20181121115815182300000001",
                            "policy_arn": "arn:aws:iam::713471551833:policy/tech-test-prod-terraform-lambda-policy",
                            "role": "tech-test-prod-terraform-lambda-role"
                        },
                        "meta": {},
                        "tainted": false
                    },
                    "deposed": [],
                    "provider": "provider.aws"
                },
                "aws_lambda_function.terraform_lambda": {
                    "type": "aws_lambda_function",
                    "depends_on": [
                        "aws_iam_role.terraform_lambda",
                        "aws_s3_bucket.infrastructure",
                        "aws_s3_bucket.terraform_state",
                        "local.csi",
                        "local.default_tags"
                    ],
                    "primary": {
                        "id": "tech-test-prod-terraform-lambda",
                        "attributes": {
                            "arn": "arn:aws:lambda:eu-west-2:713471551833:function:tech-test-prod-terraform-lambda",
                            "dead_letter_config.#": "0",
                            "description": "",
                            "environment.#": "1",
                            "environment.0.variables.%": "2",
                            "environment.0.variables.INFRA_BUCKET": "tech-test-prod-713471551833-infrastructure",
                            "environment.0.variables.STATE_BUCKET": "tech-test-prod-713471551833-terraform-state",
                            "filename": "../terraformLambda/artefacts/payload.zip",
                            "function_name": "tech-test-prod-terraform-lambda",
                            "handler": "index.handler",
                            "id": "tech-test-prod-terraform-lambda",
                            "invoke_arn": "arn:aws:apigateway:eu-west-2:lambda:path/2015-03-31/functions/arn:aws:lambda:eu-west-2:713471551833:function:tech-test-prod-terraform-lambda/invocations",
                            "kms_key_arn": "",
                            "last_modified": "2018-11-21T17:10:57.343+0000",
                            "memory_size": "128",
                            "publish": "false",
                            "qualified_arn": "arn:aws:lambda:eu-west-2:713471551833:function:tech-test-prod-terraform-lambda:$LATEST",
                            "reserved_concurrent_executions": "0",
                            "role": "arn:aws:iam::713471551833:role/tech-test-prod-terraform-lambda-role",
                            "runtime": "nodejs8.10",
                            "source_code_hash": "9V/PyfaaS6OhWKBBiv6JyyKg+2cpl4a6wnYjCJMFqKQ=",
                            "source_code_size": "25998932",
                            "tags.%": "2",
                            "tags.Environment": "prod",
                            "tags.Project": "tech-test",
                            "timeout": "900",
                            "tracing_config.#": "1",
                            "tracing_config.0.mode": "PassThrough",
                            "version": "$LATEST",
                            "vpc_config.#": "0"
                        },
                        "meta": {
                            "e2bfb730-ecaa-11e6-8f88-34363bc7c4c0": {
                                "create": 600000000000
                            }
                        },
                        "tainted": false
                    },
                    "deposed": [],
                    "provider": "provider.aws"
                },
                "aws_s3_bucket.infrastructure": {
                    "type": "aws_s3_bucket",
                    "depends_on": [
                        "local.default_tags",
                        "local.global_csi"
                    ],
                    "primary": {
                        "id": "tech-test-prod-713471551833-infrastructure",
                        "attributes": {
                            "acceleration_status": "",
                            "acl": "private",
                            "arn": "arn:aws:s3:::tech-test-prod-713471551833-infrastructure",
                            "bucket": "tech-test-prod-713471551833-infrastructure",
                            "bucket_domain_name": "tech-test-prod-713471551833-infrastructure.s3.amazonaws.com",
                            "bucket_regional_domain_name": "tech-test-prod-713471551833-infrastructure.s3.eu-west-2.amazonaws.com",
                            "cors_rule.#": "0",
                            "force_destroy": "false",
                            "hosted_zone_id": "Z3GKZC51ZF0DB4",
                            "id": "tech-test-prod-713471551833-infrastructure",
                            "lifecycle_rule.#": "0",
                            "logging.#": "0",
                            "region": "eu-west-2",
                            "replication_configuration.#": "0",
                            "request_payer": "BucketOwner",
                            "server_side_encryption_configuration.#": "0",
                            "tags.%": "2",
                            "tags.Environment": "prod",
                            "tags.Project": "tech-test",
                            "versioning.#": "1",
                            "versioning.0.enabled": "false",
                            "versioning.0.mfa_delete": "false",
                            "website.#": "0"
                        },
                        "meta": {},
                        "tainted": false
                    },
                    "deposed": [],
                    "provider": "provider.aws"
                },
                "aws_s3_bucket.terraform_state": {
                    "type": "aws_s3_bucket",
                    "depends_on": [
                        "local.default_tags",
                        "local.global_csi"
                    ],
                    "primary": {
                        "id": "tech-test-prod-713471551833-terraform-state",
                        "attributes": {
                            "acceleration_status": "",
                            "acl": "private",
                            "arn": "arn:aws:s3:::tech-test-prod-713471551833-terraform-state",
                            "bucket": "tech-test-prod-713471551833-terraform-state",
                            "bucket_domain_name": "tech-test-prod-713471551833-terraform-state.s3.amazonaws.com",
                            "bucket_regional_domain_name": "tech-test-prod-713471551833-terraform-state.s3.eu-west-2.amazonaws.com",
                            "cors_rule.#": "0",
                            "force_destroy": "false",
                            "hosted_zone_id": "Z3GKZC51ZF0DB4",
                            "id": "tech-test-prod-713471551833-terraform-state",
                            "lifecycle_rule.#": "0",
                            "logging.#": "0",
                            "region": "eu-west-2",
                            "replication_configuration.#": "0",
                            "request_payer": "BucketOwner",
                            "server_side_encryption_configuration.#": "0",
                            "tags.%": "2",
                            "tags.Environment": "prod",
                            "tags.Project": "tech-test",
                            "versioning.#": "1",
                            "versioning.0.enabled": "false",
                            "versioning.0.mfa_delete": "false",
                            "website.#": "0"
                        },
                        "meta": {},
                        "tainted": false
                    },
                    "deposed": [],
                    "provider": "provider.aws"
                },
                "data.aws_caller_identity.current": {
                    "type": "aws_caller_identity",
                    "depends_on": [],
                    "primary": {
                        "id": "2018-11-21 17:10:34.0267992 +0000 UTC",
                        "attributes": {
                            "account_id": "713471551833",
                            "arn": "arn:aws:iam::713471551833:user/Administrator",
                            "id": "2018-11-21 17:10:34.0267992 +0000 UTC",
                            "user_id": "AIDAIELSZPVEDMIPO3DIE"
                        },
                        "meta": {},
                        "tainted": false
                    },
                    "deposed": [],
                    "provider": "provider.aws"
                },
                "data.aws_iam_policy_document.terraform_lambda": {
                    "type": "aws_iam_policy_document",
                    "depends_on": [
                        "aws_s3_bucket.infrastructure",
                        "aws_s3_bucket.terraform_state"
                    ],
                    "primary": {
                        "id": "3543050925",
                        "attributes": {
                            "id": "3543050925",
                            "json": "{\n  \"Version\": \"2012-10-17\",\n  \"Statement\": [\n    {\n      \"Sid\": \"\",\n      \"Effect\": \"Allow\",\n      \"Action\": \"s3:*\",\n      \"Resource\": [\n        \"arn:aws:s3:::tech-test-prod-713471551833-terraform-state/*\",\n        \"arn:aws:s3:::tech-test-prod-713471551833-terraform-state\",\n        \"arn:aws:s3:::tech-test-prod-713471551833-infrastructure/*\",\n        \"arn:aws:s3:::tech-test-prod-713471551833-infrastructure\"\n      ]\n    },\n    {\n      \"Sid\": \"\",\n      \"Effect\": \"Allow\",\n      \"Action\": [\n        \"logs:PutLogEvents\",\n        \"logs:CreateLogStream\",\n        \"logs:CreateLogGroup\"\n      ],\n      \"Resource\": \"arn:aws:logs:*:*:*\"\n    }\n  ]\n}",
                            "statement.#": "2",
                            "statement.0.actions.#": "1",
                            "statement.0.actions.1834123015": "s3:*",
                            "statement.0.condition.#": "0",
                            "statement.0.effect": "Allow",
                            "statement.0.not_actions.#": "0",
                            "statement.0.not_principals.#": "0",
                            "statement.0.not_resources.#": "0",
                            "statement.0.principals.#": "0",
                            "statement.0.resources.#": "4",
                            "statement.0.resources.1043526968": "arn:aws:s3:::tech-test-prod-713471551833-terraform-state",
                            "statement.0.resources.129406316": "arn:aws:s3:::tech-test-prod-713471551833-infrastructure/*",
                            "statement.0.resources.1591654405": "arn:aws:s3:::tech-test-prod-713471551833-terraform-state/*",
                            "statement.0.resources.2508545810": "arn:aws:s3:::tech-test-prod-713471551833-infrastructure",
                            "statement.0.sid": "",
                            "statement.1.actions.#": "3",
                            "statement.1.actions.2809485102": "logs:CreateLogGroup",
                            "statement.1.actions.3285979848": "logs:CreateLogStream",
                            "statement.1.actions.39743051": "logs:PutLogEvents",
                            "statement.1.condition.#": "0",
                            "statement.1.effect": "Allow",
                            "statement.1.not_actions.#": "0",
                            "statement.1.not_principals.#": "0",
                            "statement.1.not_resources.#": "0",
                            "statement.1.principals.#": "0",
                            "statement.1.resources.#": "1",
                            "statement.1.resources.162423377": "arn:aws:logs:*:*:*",
                            "statement.1.sid": ""
                        },
                        "meta": {},
                        "tainted": false
                    },
                    "deposed": [],
                    "provider": "provider.aws"
                },
                "data.aws_iam_policy_document.terraform_lambda_assume_role": {
                    "type": "aws_iam_policy_document",
                    "depends_on": [],
                    "primary": {
                        "id": "3693445097",
                        "attributes": {
                            "id": "3693445097",
                            "json": "{\n  \"Version\": \"2012-10-17\",\n  \"Statement\": [\n    {\n      \"Sid\": \"\",\n      \"Effect\": \"Allow\",\n      \"Action\": \"sts:AssumeRole\",\n      \"Principal\": {\n        \"Service\": \"lambda.amazonaws.com\"\n      }\n    }\n  ]\n}",
                            "statement.#": "1",
                            "statement.0.actions.#": "1",
                            "statement.0.actions.2528466339": "sts:AssumeRole",
                            "statement.0.condition.#": "0",
                            "statement.0.effect": "Allow",
                            "statement.0.not_actions.#": "0",
                            "statement.0.not_principals.#": "0",
                            "statement.0.not_resources.#": "0",
                            "statement.0.principals.#": "1",
                            "statement.0.principals.3118762561.identifiers.#": "1",
                            "statement.0.principals.3118762561.identifiers.2638019528": "lambda.amazonaws.com",
                            "statement.0.principals.3118762561.type": "Service",
                            "statement.0.resources.#": "0",
                            "statement.0.sid": ""
                        },
                        "meta": {},
                        "tainted": false
                    },
                    "deposed": [],
                    "provider": "provider.aws"
                }
            },
            "depends_on": []
        }
    ]
}
